// !$*UTF8*$!
{
	archiveVersion = 1;
	classes = {
	};
	objectVersion = 48;
	objects = {

/* Begin PBXBuildFile section */
		21263D832005AA0C00E3131A /* AppDelegate.swift in Sources */ = {isa = PBXBuildFile; fileRef = 21263D822005AA0C00E3131A /* AppDelegate.swift */; };
		21263D882005AA0C00E3131A /* Main.storyboard in Resources */ = {isa = PBXBuildFile; fileRef = 21263D862005AA0C00E3131A /* Main.storyboard */; };
		21263D8B2005AA0C00E3131A /* chat.xcdatamodeld in Sources */ = {isa = PBXBuildFile; fileRef = 21263D892005AA0C00E3131A /* chat.xcdatamodeld */; };
		21263D8D2005AA0C00E3131A /* Assets.xcassets in Resources */ = {isa = PBXBuildFile; fileRef = 21263D8C2005AA0C00E3131A /* Assets.xcassets */; };
		21263D902005AA0C00E3131A /* LaunchScreen.storyboard in Resources */ = {isa = PBXBuildFile; fileRef = 21263D8E2005AA0C00E3131A /* LaunchScreen.storyboard */; };
		21263D9B2005AA0C00E3131A /* chatTests.swift in Sources */ = {isa = PBXBuildFile; fileRef = 21263D9A2005AA0C00E3131A /* chatTests.swift */; };
		21263DA62005AA0C00E3131A /* chatUITests.swift in Sources */ = {isa = PBXBuildFile; fileRef = 21263DA52005AA0C00E3131A /* chatUITests.swift */; };
		21263DB42005AD2E00E3131A /* chatPage.swift in Sources */ = {isa = PBXBuildFile; fileRef = 21263DB32005AD2E00E3131A /* chatPage.swift */; };
		213D6B4020132B960071FE14 /* exportVC.swift in Sources */ = {isa = PBXBuildFile; fileRef = 213D6B3F20132B960071FE14 /* exportVC.swift */; };
		21DEB69420152D96002055F6 /* defaultData.csm in Resources */ = {isa = PBXBuildFile; fileRef = 21DEB69320152D96002055F6 /* defaultData.csm */; };
		21E832292010D48400A71162 /* dice.mp3 in Resources */ = {isa = PBXBuildFile; fileRef = 21E832282010D48400A71162 /* dice.mp3 */; };
		21E8322B2010D57700A71162 /* supportFunctions.swift in Sources */ = {isa = PBXBuildFile; fileRef = 21E8322A2010D57700A71162 /* supportFunctions.swift */; };
		21E8322D2010DCC400A71162 /* sections.swift in Sources */ = {isa = PBXBuildFile; fileRef = 21E8322C2010DCC400A71162 /* sections.swift */; };
		21E8322F2010DCE700A71162 /* items.swift in Sources */ = {isa = PBXBuildFile; fileRef = 21E8322E2010DCE700A71162 /* items.swift */; };
		65AC8D53237FC54449C6545E /* Pods_chat.framework in Frameworks */ = {isa = PBXBuildFile; fileRef = 12ABBDA546A66F1BC2946C86 /* Pods_chat.framework */; };
/* End PBXBuildFile section */

/* Begin PBXContainerItemProxy section */
		21263D972005AA0C00E3131A /* PBXContainerItemProxy */ = {
			isa = PBXContainerItemProxy;
			containerPortal = 21263D772005AA0C00E3131A /* Project object */;
			proxyType = 1;
			remoteGlobalIDString = 21263D7E2005AA0C00E3131A;
			remoteInfo = chat;
		};
		21263DA22005AA0C00E3131A /* PBXContainerItemProxy */ = {
			isa = PBXContainerItemProxy;
			containerPortal = 21263D772005AA0C00E3131A /* Project object */;
			proxyType = 1;
			remoteGlobalIDString = 21263D7E2005AA0C00E3131A;
			remoteInfo = chat;
		};
/* End PBXContainerItemProxy section */

/* Begin PBXFileReference section */
		12ABBDA546A66F1BC2946C86 /* Pods_chat.framework */ = {isa = PBXFileReference; explicitFileType = wrapper.framework; includeInIndex = 0; path = Pods_chat.framework; sourceTree = BUILT_PRODUCTS_DIR; };
		156C12D2397FA7FA8AD20363 /* Pods-chat.debug.xcconfig */ = {isa = PBXFileReference; includeInIndex = 1; lastKnownFileType = text.xcconfig; name = "Pods-chat.debug.xcconfig"; path = "Pods/Target Support Files/Pods-chat/Pods-chat.debug.xcconfig"; sourceTree = "<group>"; };
		21263D7F2005AA0C00E3131A /* chat.app */ = {isa = PBXFileReference; explicitFileType = wrapper.application; includeInIndex = 0; path = chat.app; sourceTree = BUILT_PRODUCTS_DIR; };
		21263D822005AA0C00E3131A /* AppDelegate.swift */ = {isa = PBXFileReference; lastKnownFileType = sourcecode.swift; path = AppDelegate.swift; sourceTree = "<group>"; };
		21263D872005AA0C00E3131A /* Base */ = {isa = PBXFileReference; lastKnownFileType = file.storyboard; name = Base; path = Base.lproj/Main.storyboard; sourceTree = "<group>"; };
		21263D8A2005AA0C00E3131A /* chat.xcdatamodel */ = {isa = PBXFileReference; lastKnownFileType = wrapper.xcdatamodel; path = chat.xcdatamodel; sourceTree = "<group>"; };
		21263D8C2005AA0C00E3131A /* Assets.xcassets */ = {isa = PBXFileReference; lastKnownFileType = folder.assetcatalog; path = Assets.xcassets; sourceTree = "<group>"; };
		21263D8F2005AA0C00E3131A /* Base */ = {isa = PBXFileReference; lastKnownFileType = file.storyboard; name = Base; path = Base.lproj/LaunchScreen.storyboard; sourceTree = "<group>"; };
		21263D912005AA0C00E3131A /* Info.plist */ = {isa = PBXFileReference; lastKnownFileType = text.plist.xml; path = Info.plist; sourceTree = "<group>"; };
		21263D962005AA0C00E3131A /* chatTests.xctest */ = {isa = PBXFileReference; explicitFileType = wrapper.cfbundle; includeInIndex = 0; path = chatTests.xctest; sourceTree = BUILT_PRODUCTS_DIR; };
		21263D9A2005AA0C00E3131A /* chatTests.swift */ = {isa = PBXFileReference; lastKnownFileType = sourcecode.swift; path = chatTests.swift; sourceTree = "<group>"; };
		21263D9C2005AA0C00E3131A /* Info.plist */ = {isa = PBXFileReference; lastKnownFileType = text.plist.xml; path = Info.plist; sourceTree = "<group>"; };
		21263DA12005AA0C00E3131A /* chatUITests.xctest */ = {isa = PBXFileReference; explicitFileType = wrapper.cfbundle; includeInIndex = 0; path = chatUITests.xctest; sourceTree = BUILT_PRODUCTS_DIR; };
		21263DA52005AA0C00E3131A /* chatUITests.swift */ = {isa = PBXFileReference; lastKnownFileType = sourcecode.swift; path = chatUITests.swift; sourceTree = "<group>"; };
		21263DA72005AA0D00E3131A /* Info.plist */ = {isa = PBXFileReference; lastKnownFileType = text.plist.xml; path = Info.plist; sourceTree = "<group>"; };
		21263DB32005AD2E00E3131A /* chatPage.swift */ = {isa = PBXFileReference; lastKnownFileType = sourcecode.swift; path = chatPage.swift; sourceTree = "<group>"; };
		213D6B3F20132B960071FE14 /* exportVC.swift */ = {isa = PBXFileReference; lastKnownFileType = sourcecode.swift; path = exportVC.swift; sourceTree = "<group>"; };
		21DEB69320152D96002055F6 /* defaultData.csm */ = {isa = PBXFileReference; fileEncoding = 4; lastKnownFileType = text; path = defaultData.csm; sourceTree = "<group>"; };
		21E832282010D48400A71162 /* dice.mp3 */ = {isa = PBXFileReference; lastKnownFileType = audio.mp3; path = dice.mp3; sourceTree = "<group>"; };
		21E8322A2010D57700A71162 /* supportFunctions.swift */ = {isa = PBXFileReference; lastKnownFileType = sourcecode.swift; path = supportFunctions.swift; sourceTree = "<group>"; };
		21E8322C2010DCC400A71162 /* sections.swift */ = {isa = PBXFileReference; lastKnownFileType = sourcecode.swift; path = sections.swift; sourceTree = "<group>"; };
		21E8322E2010DCE700A71162 /* items.swift */ = {isa = PBXFileReference; lastKnownFileType = sourcecode.swift; path = items.swift; sourceTree = "<group>"; };
		33952DFD3E421DDB0AD8F22D /* Pods-chat.release.xcconfig */ = {isa = PBXFileReference; includeInIndex = 1; lastKnownFileType = text.xcconfig; name = "Pods-chat.release.xcconfig"; path = "Pods/Target Support Files/Pods-chat/Pods-chat.release.xcconfig"; sourceTree = "<group>"; };
/* End PBXFileReference section */

/* Begin PBXFrameworksBuildPhase section */
		21263D7C2005AA0C00E3131A /* Frameworks */ = {
			isa = PBXFrameworksBuildPhase;
			buildActionMask = 2147483647;
			files = (
				65AC8D53237FC54449C6545E /* Pods_chat.framework in Frameworks */,
			);
			runOnlyForDeploymentPostprocessing = 0;
		};
		21263D932005AA0C00E3131A /* Frameworks */ = {
			isa = PBXFrameworksBuildPhase;
			buildActionMask = 2147483647;
			files = (
			);
			runOnlyForDeploymentPostprocessing = 0;
		};
		21263D9E2005AA0C00E3131A /* Frameworks */ = {
			isa = PBXFrameworksBuildPhase;
			buildActionMask = 2147483647;
			files = (
			);
			runOnlyForDeploymentPostprocessing = 0;
		};
/* End PBXFrameworksBuildPhase section */

/* Begin PBXGroup section */
		21263D762005AA0C00E3131A = {
			isa = PBXGroup;
			children = (
				21E832282010D48400A71162 /* dice.mp3 */,
				21263D812005AA0C00E3131A /* chat */,
				21263D992005AA0C00E3131A /* chatTests */,
				21263DA42005AA0C00E3131A /* chatUITests */,
				21263D802005AA0C00E3131A /* Products */,
				D5B8F3CFAD78CE1B0D537A6F /* Pods */,
				F42E569D08DB675CFE2CAEE5 /* Frameworks */,
			);
			sourceTree = "<group>";
		};
		21263D802005AA0C00E3131A /* Products */ = {
			isa = PBXGroup;
			children = (
				21263D7F2005AA0C00E3131A /* chat.app */,
				21263D962005AA0C00E3131A /* chatTests.xctest */,
				21263DA12005AA0C00E3131A /* chatUITests.xctest */,
			);
			name = Products;
			sourceTree = "<group>";
		};
		21263D812005AA0C00E3131A /* chat */ = {
			isa = PBXGroup;
			children = (
				21E8322A2010D57700A71162 /* supportFunctions.swift */,
				21263D822005AA0C00E3131A /* AppDelegate.swift */,
				21263D862005AA0C00E3131A /* Main.storyboard */,
				21E8322C2010DCC400A71162 /* sections.swift */,
				21E8322E2010DCE700A71162 /* items.swift */,
				21263DB32005AD2E00E3131A /* chatPage.swift */,
				21263D8C2005AA0C00E3131A /* Assets.xcassets */,
				21263D8E2005AA0C00E3131A /* LaunchScreen.storyboard */,
				21263D912005AA0C00E3131A /* Info.plist */,
				21263D892005AA0C00E3131A /* chat.xcdatamodeld */,
				213D6B3F20132B960071FE14 /* exportVC.swift */,
				21DEB69320152D96002055F6 /* defaultData.csm */,
			);
			path = chat;
			sourceTree = "<group>";
		};
		21263D992005AA0C00E3131A /* chatTests */ = {
			isa = PBXGroup;
			children = (
				21263D9A2005AA0C00E3131A /* chatTests.swift */,
				21263D9C2005AA0C00E3131A /* Info.plist */,
			);
			path = chatTests;
			sourceTree = "<group>";
		};
		21263DA42005AA0C00E3131A /* chatUITests */ = {
			isa = PBXGroup;
			children = (
				21263DA52005AA0C00E3131A /* chatUITests.swift */,
				21263DA72005AA0D00E3131A /* Info.plist */,
			);
			path = chatUITests;
			sourceTree = "<group>";
		};
		D5B8F3CFAD78CE1B0D537A6F /* Pods */ = {
			isa = PBXGroup;
			children = (
				156C12D2397FA7FA8AD20363 /* Pods-chat.debug.xcconfig */,
				33952DFD3E421DDB0AD8F22D /* Pods-chat.release.xcconfig */,
			);
			name = Pods;
			sourceTree = "<group>";
		};
		F42E569D08DB675CFE2CAEE5 /* Frameworks */ = {
			isa = PBXGroup;
			children = (
				12ABBDA546A66F1BC2946C86 /* Pods_chat.framework */,
			);
			name = Frameworks;
			sourceTree = "<group>";
		};
/* End PBXGroup section */

/* Begin PBXNativeTarget section */
		21263D7E2005AA0C00E3131A /* chat */ = {
			isa = PBXNativeTarget;
			buildConfigurationList = 21263DAA2005AA0D00E3131A /* Build configuration list for PBXNativeTarget "chat" */;
			buildPhases = (
				32EE1554253DF46F20CB6798 /* [CP] Check Pods Manifest.lock */,
				21263D7B2005AA0C00E3131A /* Sources */,
				21263D7C2005AA0C00E3131A /* Frameworks */,
				21263D7D2005AA0C00E3131A /* Resources */,
				DB00F914AD4D42AE31976914 /* [CP] Embed Pods Frameworks */,
				A1BB210EB5AF2ADB3347024C /* [CP] Copy Pods Resources */,
			);
			buildRules = (
			);
			dependencies = (
			);
			name = chat;
			productName = chat;
			productReference = 21263D7F2005AA0C00E3131A /* chat.app */;
			productType = "com.apple.product-type.application";
		};
		21263D952005AA0C00E3131A /* chatTests */ = {
			isa = PBXNativeTarget;
			buildConfigurationList = 21263DAD2005AA0D00E3131A /* Build configuration list for PBXNativeTarget "chatTests" */;
			buildPhases = (
				21263D922005AA0C00E3131A /* Sources */,
				21263D932005AA0C00E3131A /* Frameworks */,
				21263D942005AA0C00E3131A /* Resources */,
			);
			buildRules = (
			);
			dependencies = (
				21263D982005AA0C00E3131A /* PBXTargetDependency */,
			);
			name = chatTests;
			productName = chatTests;
			productReference = 21263D962005AA0C00E3131A /* chatTests.xctest */;
			productType = "com.apple.product-type.bundle.unit-test";
		};
		21263DA02005AA0C00E3131A /* chatUITests */ = {
			isa = PBXNativeTarget;
			buildConfigurationList = 21263DB02005AA0D00E3131A /* Build configuration list for PBXNativeTarget "chatUITests" */;
			buildPhases = (
				21263D9D2005AA0C00E3131A /* Sources */,
				21263D9E2005AA0C00E3131A /* Frameworks */,
				21263D9F2005AA0C00E3131A /* Resources */,
			);
			buildRules = (
			);
			dependencies = (
				21263DA32005AA0C00E3131A /* PBXTargetDependency */,
			);
			name = chatUITests;
			productName = chatUITests;
			productReference = 21263DA12005AA0C00E3131A /* chatUITests.xctest */;
			productType = "com.apple.product-type.bundle.ui-testing";
		};
/* End PBXNativeTarget section */

/* Begin PBXProject section */
		21263D772005AA0C00E3131A /* Project object */ = {
			isa = PBXProject;
			attributes = {
				LastSwiftUpdateCheck = 0920;
				LastUpgradeCheck = 0920;
				ORGANIZATIONNAME = Scairp;
				TargetAttributes = {
					21263D7E2005AA0C00E3131A = {
						CreatedOnToolsVersion = 9.2;
						ProvisioningStyle = Automatic;
					};
					21263D952005AA0C00E3131A = {
						CreatedOnToolsVersion = 9.2;
						ProvisioningStyle = Automatic;
						TestTargetID = 21263D7E2005AA0C00E3131A;
					};
					21263DA02005AA0C00E3131A = {
						CreatedOnToolsVersion = 9.2;
						ProvisioningStyle = Automatic;
						TestTargetID = 21263D7E2005AA0C00E3131A;
					};
				};
			};
			buildConfigurationList = 21263D7A2005AA0C00E3131A /* Build configuration list for PBXProject "chat" */;
			compatibilityVersion = "Xcode 8.0";
			developmentRegion = en;
			hasScannedForEncodings = 0;
			knownRegions = (
				en,
				Base,
			);
			mainGroup = 21263D762005AA0C00E3131A;
			productRefGroup = 21263D802005AA0C00E3131A /* Products */;
			projectDirPath = "";
			projectRoot = "";
			targets = (
				21263D7E2005AA0C00E3131A /* chat */,
				21263D952005AA0C00E3131A /* chatTests */,
				21263DA02005AA0C00E3131A /* chatUITests */,
			);
		};
/* End PBXProject section */

/* Begin PBXResourcesBuildPhase section */
		21263D7D2005AA0C00E3131A /* Resources */ = {
			isa = PBXResourcesBuildPhase;
			buildActionMask = 2147483647;
			files = (
				21E832292010D48400A71162 /* dice.mp3 in Resources */,
				21263D902005AA0C00E3131A /* LaunchScreen.storyboard in Resources */,
				21263D8D2005AA0C00E3131A /* Assets.xcassets in Resources */,
				21263D882005AA0C00E3131A /* Main.storyboard in Resources */,
				21DEB69420152D96002055F6 /* defaultData.csm in Resources */,
			);
			runOnlyForDeploymentPostprocessing = 0;
		};
		21263D942005AA0C00E3131A /* Resources */ = {
			isa = PBXResourcesBuildPhase;
			buildActionMask = 2147483647;
			files = (
			);
			runOnlyForDeploymentPostprocessing = 0;
		};
		21263D9F2005AA0C00E3131A /* Resources */ = {
			isa = PBXResourcesBuildPhase;
			buildActionMask = 2147483647;
			files = (
			);
			runOnlyForDeploymentPostprocessing = 0;
		};
/* End PBXResourcesBuildPhase section */

/* Begin PBXShellScriptBuildPhase section */
		32EE1554253DF46F20CB6798 /* [CP] Check Pods Manifest.lock */ = {
			isa = PBXShellScriptBuildPhase;
			buildActionMask = 2147483647;
			files = (
			);
			inputPaths = (
				"${PODS_PODFILE_DIR_PATH}/Podfile.lock",
				"${PODS_ROOT}/Manifest.lock",
			);
			name = "[CP] Check Pods Manifest.lock";
			outputPaths = (
				"$(DERIVED_FILE_DIR)/Pods-chat-checkManifestLockResult.txt",
			);
			runOnlyForDeploymentPostprocessing = 0;
			shellPath = /bin/sh;
			shellScript = "diff \"${PODS_PODFILE_DIR_PATH}/Podfile.lock\" \"${PODS_ROOT}/Manifest.lock\" > /dev/null\nif [ $? != 0 ] ; then\n    # print error to STDERR\n    echo \"error: The sandbox is not in sync with the Podfile.lock. Run 'pod install' or update your CocoaPods installation.\" >&2\n    exit 1\nfi\n# This output is used by Xcode 'outputs' to avoid re-running this script phase.\necho \"SUCCESS\" > \"${SCRIPT_OUTPUT_FILE_0}\"\n";
			showEnvVarsInLog = 0;
		};
		A1BB210EB5AF2ADB3347024C /* [CP] Copy Pods Resources */ = {
			isa = PBXShellScriptBuildPhase;
			buildActionMask = 2147483647;
			files = (
			);
			inputPaths = (
			);
			name = "[CP] Copy Pods Resources";
			outputPaths = (
			);
			runOnlyForDeploymentPostprocessing = 0;
			shellPath = /bin/sh;
			shellScript = "\"${SRCROOT}/Pods/Target Support Files/Pods-chat/Pods-chat-resources.sh\"\n";
			showEnvVarsInLog = 0;
		};
		DB00F914AD4D42AE31976914 /* [CP] Embed Pods Frameworks */ = {
			isa = PBXShellScriptBuildPhase;
			buildActionMask = 2147483647;
			files = (
			);
			inputPaths = (
				"${SRCROOT}/Pods/Target Support Files/Pods-chat/Pods-chat-frameworks.sh",
				"${PODS_ROOT}/SendBirdSDK/SendBirdSDK.framework",
				"${PODS_ROOT}/SendBirdSDK/SendBirdSDK.framework.dSYM",
			);
			name = "[CP] Embed Pods Frameworks";
			outputPaths = (
				"${TARGET_BUILD_DIR}/${FRAMEWORKS_FOLDER_PATH}/SendBirdSDK.framework",
				"${DWARF_DSYM_FOLDER_PATH}/SendBirdSDK.framework.dSYM",
			);
			runOnlyForDeploymentPostprocessing = 0;
			shellPath = /bin/sh;
			shellScript = "\"${SRCROOT}/Pods/Target Support Files/Pods-chat/Pods-chat-frameworks.sh\"\n";
			showEnvVarsInLog = 0;
		};
/* End PBXShellScriptBuildPhase section */

/* Begin PBXSourcesBuildPhase section */
		21263D7B2005AA0C00E3131A /* Sources */ = {
			isa = PBXSourcesBuildPhase;
			buildActionMask = 2147483647;
			files = (
				21E8322D2010DCC400A71162 /* sections.swift in Sources */,
				21263D8B2005AA0C00E3131A /* chat.xcdatamodeld in Sources */,
				21E8322F2010DCE700A71162 /* items.swift in Sources */,
				213D6B4020132B960071FE14 /* exportVC.swift in Sources */,
				21263DB42005AD2E00E3131A /* chatPage.swift in Sources */,
				21E8322B2010D57700A71162 /* supportFunctions.swift in Sources */,
				21263D832005AA0C00E3131A /* AppDelegate.swift in Sources */,
			);
			runOnlyForDeploymentPostprocessing = 0;
		};
		21263D922005AA0C00E3131A /* Sources */ = {
			isa = PBXSourcesBuildPhase;
			buildActionMask = 2147483647;
			files = (
				21263D9B2005AA0C00E3131A /* chatTests.swift in Sources */,
			);
			runOnlyForDeploymentPostprocessing = 0;
		};
		21263D9D2005AA0C00E3131A /* Sources */ = {
			isa = PBXSourcesBuildPhase;
			buildActionMask = 2147483647;
			files = (
				21263DA62005AA0C00E3131A /* chatUITests.swift in Sources */,
			);
			runOnlyForDeploymentPostprocessing = 0;
		};
/* End PBXSourcesBuildPhase section */

/* Begin PBXTargetDependency section */
		21263D982005AA0C00E3131A /* PBXTargetDependency */ = {
			isa = PBXTargetDependency;
			target = 21263D7E2005AA0C00E3131A /* chat */;
			targetProxy = 21263D972005AA0C00E3131A /* PBXContainerItemProxy */;
		};
		21263DA32005AA0C00E3131A /* PBXTargetDependency */ = {
			isa = PBXTargetDependency;
			target = 21263D7E2005AA0C00E3131A /* chat */;
			targetProxy = 21263DA22005AA0C00E3131A /* PBXContainerItemProxy */;
		};
/* End PBXTargetDependency section */

/* Begin PBXVariantGroup section */
		21263D862005AA0C00E3131A /* Main.storyboard */ = {
			isa = PBXVariantGroup;
			children = (
				21263D872005AA0C00E3131A /* Base */,
			);
			name = Main.storyboard;
			sourceTree = "<group>";
		};
		21263D8E2005AA0C00E3131A /* LaunchScreen.storyboard */ = {
			isa = PBXVariantGroup;
			children = (
				21263D8F2005AA0C00E3131A /* Base */,
			);
			name = LaunchScreen.storyboard;
			sourceTree = "<group>";
		};
/* End PBXVariantGroup section */

/* Begin XCBuildConfiguration section */
		21263DA82005AA0D00E3131A /* Debug */ = {
			isa = XCBuildConfiguration;
			buildSettings = {
				ALWAYS_SEARCH_USER_PATHS = NO;
				CLANG_ANALYZER_NONNULL = YES;
				CLANG_ANALYZER_NUMBER_OBJECT_CONVERSION = YES_AGGRESSIVE;
				CLANG_CXX_LANGUAGE_STANDARD = "gnu++14";
				CLANG_CXX_LIBRARY = "libc++";
				CLANG_ENABLE_MODULES = YES;
				CLANG_ENABLE_OBJC_ARC = YES;
				CLANG_WARN_BLOCK_CAPTURE_AUTORELEASING = YES;
				CLANG_WARN_BOOL_CONVERSION = YES;
				CLANG_WARN_COMMA = YES;
				CLANG_WARN_CONSTANT_CONVERSION = YES;
				CLANG_WARN_DIRECT_OBJC_ISA_USAGE = YES_ERROR;
				CLANG_WARN_DOCUMENTATION_COMMENTS = YES;
				CLANG_WARN_EMPTY_BODY = YES;
				CLANG_WARN_ENUM_CONVERSION = YES;
				CLANG_WARN_INFINITE_RECURSION = YES;
				CLANG_WARN_INT_CONVERSION = YES;
				CLANG_WARN_NON_LITERAL_NULL_CONVERSION = YES;
				CLANG_WARN_OBJC_LITERAL_CONVERSION = YES;
				CLANG_WARN_OBJC_ROOT_CLASS = YES_ERROR;
				CLANG_WARN_RANGE_LOOP_ANALYSIS = YES;
				CLANG_WARN_STRICT_PROTOTYPES = YES;
				CLANG_WARN_SUSPICIOUS_MOVE = YES;
				CLANG_WARN_UNGUARDED_AVAILABILITY = YES_AGGRESSIVE;
				CLANG_WARN_UNREACHABLE_CODE = YES;
				CLANG_WARN__DUPLICATE_METHOD_MATCH = YES;
				CODE_SIGN_IDENTITY = "iPhone Developer";
				COPY_PHASE_STRIP = NO;
				DEBUG_INFORMATION_FORMAT = dwarf;
				ENABLE_STRICT_OBJC_MSGSEND = YES;
				ENABLE_TESTABILITY = YES;
				GCC_C_LANGUAGE_STANDARD = gnu11;
				GCC_DYNAMIC_NO_PIC = NO;
				GCC_NO_COMMON_BLOCKS = YES;
				GCC_OPTIMIZATION_LEVEL = 0;
				GCC_PREPROCESSOR_DEFINITIONS = (
					"DEBUG=1",
					"$(inherited)",
				);
				GCC_WARN_64_TO_32_BIT_CONVERSION = YES;
				GCC_WARN_ABOUT_RETURN_TYPE = YES_ERROR;
				GCC_WARN_UNDECLARED_SELECTOR = YES;
				GCC_WARN_UNINITIALIZED_AUTOS = YES_AGGRESSIVE;
				GCC_WARN_UNUSED_FUNCTION = YES;
				GCC_WARN_UNUSED_VARIABLE = YES;
				IPHONEOS_DEPLOYMENT_TARGET = 10.3;
				MTL_ENABLE_DEBUG_INFO = YES;
				ONLY_ACTIVE_ARCH = YES;
				SDKROOT = iphoneos;
				SWIFT_ACTIVE_COMPILATION_CONDITIONS = DEBUG;
				SWIFT_OPTIMIZATION_LEVEL = "-Onone";
			};
			name = Debug;
		};
		21263DA92005AA0D00E3131A /* Release */ = {
			isa = XCBuildConfiguration;
			buildSettings = {
				ALWAYS_SEARCH_USER_PATHS = NO;
				CLANG_ANALYZER_NONNULL = YES;
				CLANG_ANALYZER_NUMBER_OBJECT_CONVERSION = YES_AGGRESSIVE;
				CLANG_CXX_LANGUAGE_STANDARD = "gnu++14";
				CLANG_CXX_LIBRARY = "libc++";
				CLANG_ENABLE_MODULES = YES;
				CLANG_ENABLE_OBJC_ARC = YES;
				CLANG_WARN_BLOCK_CAPTURE_AUTORELEASING = YES;
				CLANG_WARN_BOOL_CONVERSION = YES;
				CLANG_WARN_COMMA = YES;
				CLANG_WARN_CONSTANT_CONVERSION = YES;
				CLANG_WARN_DIRECT_OBJC_ISA_USAGE = YES_ERROR;
				CLANG_WARN_DOCUMENTATION_COMMENTS = YES;
				CLANG_WARN_EMPTY_BODY = YES;
				CLANG_WARN_ENUM_CONVERSION = YES;
				CLANG_WARN_INFINITE_RECURSION = YES;
				CLANG_WARN_INT_CONVERSION = YES;
				CLANG_WARN_NON_LITERAL_NULL_CONVERSION = YES;
				CLANG_WARN_OBJC_LITERAL_CONVERSION = YES;
				CLANG_WARN_OBJC_ROOT_CLASS = YES_ERROR;
				CLANG_WARN_RANGE_LOOP_ANALYSIS = YES;
				CLANG_WARN_STRICT_PROTOTYPES = YES;
				CLANG_WARN_SUSPICIOUS_MOVE = YES;
				CLANG_WARN_UNGUARDED_AVAILABILITY = YES_AGGRESSIVE;
				CLANG_WARN_UNREACHABLE_CODE = YES;
				CLANG_WARN__DUPLICATE_METHOD_MATCH = YES;
				CODE_SIGN_IDENTITY = "iPhone Developer";
				COPY_PHASE_STRIP = NO;
				DEBUG_INFORMATION_FORMAT = "dwarf-with-dsym";
				ENABLE_NS_ASSERTIONS = NO;
				ENABLE_STRICT_OBJC_MSGSEND = YES;
				GCC_C_LANGUAGE_STANDARD = gnu11;
				GCC_NO_COMMON_BLOCKS = YES;
				GCC_WARN_64_TO_32_BIT_CONVERSION = YES;
				GCC_WARN_ABOUT_RETURN_TYPE = YES_ERROR;
				GCC_WARN_UNDECLARED_SELECTOR = YES;
				GCC_WARN_UNINITIALIZED_AUTOS = YES_AGGRESSIVE;
				GCC_WARN_UNUSED_FUNCTION = YES;
				GCC_WARN_UNUSED_VARIABLE = YES;
				IPHONEOS_DEPLOYMENT_TARGET = 10.3;
				MTL_ENABLE_DEBUG_INFO = NO;
				SDKROOT = iphoneos;
				SWIFT_OPTIMIZATION_LEVEL = "-Owholemodule";
				VALIDATE_PRODUCT = YES;
			};
			name = Release;
		};
		21263DAB2005AA0D00E3131A /* Debug */ = {
			isa = XCBuildConfiguration;
			baseConfigurationReference = 156C12D2397FA7FA8AD20363 /* Pods-chat.debug.xcconfig */;
			buildSettings = {
				ASSETCATALOG_COMPILER_APPICON_NAME = AppIcon;
				CODE_SIGN_STYLE = Automatic;
				DEVELOPMENT_TEAM = 2L2AK5PZ3A;
				INFOPLIST_FILE = chat/Info.plist;
				IPHONEOS_DEPLOYMENT_TARGET = 10.3;
				LD_RUNPATH_SEARCH_PATHS = "$(inherited) @executable_path/Frameworks";
				PRODUCT_BUNDLE_IDENTIFIER = com.whichapp.randomEncouters;
				PRODUCT_NAME = "$(TARGET_NAME)";
				SWIFT_VERSION = 4.0;
				TARGETED_DEVICE_FAMILY = "1,2";
			};
			name = Debug;
		};
		21263DAC2005AA0D00E3131A /* Release */ = {
			isa = XCBuildConfiguration;
			baseConfigurationReference = 33952DFD3E421DDB0AD8F22D /* Pods-chat.release.xcconfig */;
			buildSettings = {
				ASSETCATALOG_COMPILER_APPICON_NAME = AppIcon;
				CODE_SIGN_STYLE = Automatic;
				DEVELOPMENT_TEAM = 2L2AK5PZ3A;
				INFOPLIST_FILE = chat/Info.plist;
				IPHONEOS_DEPLOYMENT_TARGET = 10.3;
				LD_RUNPATH_SEARCH_PATHS = "$(inherited) @executable_path/Frameworks";
				PRODUCT_BUNDLE_IDENTIFIER = com.whichapp.randomEncouters;
				PRODUCT_NAME = "$(TARGET_NAME)";
				SWIFT_VERSION = 4.0;
				TARGETED_DEVICE_FAMILY = "1,2";
			};
			name = Release;
		};
		21263DAE2005AA0D00E3131A /* Debug */ = {
			isa = XCBuildConfiguration;
			buildSettings = {
				ALWAYS_EMBED_SWIFT_STANDARD_LIBRARIES = YES;
				BUNDLE_LOADER = "$(TEST_HOST)";
				CODE_SIGN_STYLE = Automatic;
				DEVELOPMENT_TEAM = 4QYNNC62LF;
				INFOPLIST_FILE = chatTests/Info.plist;
				LD_RUNPATH_SEARCH_PATHS = "$(inherited) @executable_path/Frameworks @loader_path/Frameworks";
				PRODUCT_BUNDLE_IDENTIFIER = com.whichapp.chatTests;
				PRODUCT_NAME = "$(TARGET_NAME)";
				SWIFT_VERSION = 4.0;
				TARGETED_DEVICE_FAMILY = "1,2";
				TEST_HOST = "$(BUILT_PRODUCTS_DIR)/chat.app/chat";
			};
			name = Debug;
		};
		21263DAF2005AA0D00E3131A /* Release */ = {
			isa = XCBuildConfiguration;
			buildSettings = {
				ALWAYS_EMBED_SWIFT_STANDARD_LIBRARIES = YES;
				BUNDLE_LOADER = "$(TEST_HOST)";
				CODE_SIGN_STYLE = Automatic;
				DEVELOPMENT_TEAM = 4QYNNC62LF;
				INFOPLIST_FILE = chatTests/Info.plist;
				LD_RUNPATH_SEARCH_PATHS = "$(inherited) @executable_path/Frameworks @loader_path/Frameworks";
				PRODUCT_BUNDLE_IDENTIFIER = com.whichapp.chatTests;
				PRODUCT_NAME = "$(TARGET_NAME)";
				SWIFT_VERSION = 4.0;
				TARGETED_DEVICE_FAMILY = "1,2";
				TEST_HOST = "$(BUILT_PRODUCTS_DIR)/chat.app/chat";
			};
			name = Release;
		};
		21263DB12005AA0D00E3131A /* Debug */ = {
			isa = XCBuildConfiguration;
			buildSettings = {
				ALWAYS_EMBED_SWIFT_STANDARD_LIBRARIES = YES;
				CODE_SIGN_STYLE = Automatic;
				DEVELOPMENT_TEAM = 4QYNNC62LF;
				INFOPLIST_FILE = chatUITests/Info.plist;
				LD_RUNPATH_SEARCH_PATHS = "$(inherited) @executable_path/Frameworks @loader_path/Frameworks";
				PRODUCT_BUNDLE_IDENTIFIER = com.whichapp.chatUITests;
				PRODUCT_NAME = "$(TARGET_NAME)";
				SWIFT_VERSION = 4.0;
				TARGETED_DEVICE_FAMILY = "1,2";
				TEST_TARGET_NAME = chat;
			};
			name = Debug;
		};
		21263DB22005AA0D00E3131A /* Release */ = {
			isa = XCBuildConfiguration;
			buildSettings = {
				ALWAYS_EMBED_SWIFT_STANDARD_LIBRARIES = YES;
				CODE_SIGN_STYLE = Automatic;
				DEVELOPMENT_TEAM = 4QYNNC62LF;
				INFOPLIST_FILE = chatUITests/Info.plist;
				LD_RUNPATH_SEARCH_PATHS = "$(inherited) @executable_path/Frameworks @loader_path/Frameworks";
				PRODUCT_BUNDLE_IDENTIFIER = com.whichapp.chatUITests;
				PRODUCT_NAME = "$(TARGET_NAME)";
				SWIFT_VERSION = 4.0;
				TARGETED_DEVICE_FAMILY = "1,2";
				TEST_TARGET_NAME = chat;
			};
			name = Release;
		};
/* End XCBuildConfiguration section */

/* Begin XCConfigurationList section */
		21263D7A2005AA0C00E3131A /* Build configuration list for PBXProject "chat" */ = {
			isa = XCConfigurationList;
			buildConfigurations = (
				21263DA82005AA0D00E3131A /* Debug */,
				21263DA92005AA0D00E3131A /* Release */,
			);
			defaultConfigurationIsVisible = 0;
			defaultConfigurationName = Release;
		};
		21263DAA2005AA0D00E3131A /* Build configuration list for PBXNativeTarget "chat" */ = {
			isa = XCConfigurationList;
			buildConfigurations = (
				21263DAB2005AA0D00E3131A /* Debug */,
				21263DAC2005AA0D00E3131A /* Release */,
			);
			defaultConfigurationIsVisible = 0;
			defaultConfigurationName = Release;
		};
		21263DAD2005AA0D00E3131A /* Build configuration list for PBXNativeTarget "chatTests" */ = {
			isa = XCConfigurationList;
			buildConfigurations = (
				21263DAE2005AA0D00E3131A /* Debug */,
				21263DAF2005AA0D00E3131A /* Release */,
			);
			defaultConfigurationIsVisible = 0;
			defaultConfigurationName = Release;
		};
		21263DB02005AA0D00E3131A /* Build configuration list for PBXNativeTarget "chatUITests" */ = {
			isa = XCConfigurationList;
			buildConfigurations = (
				21263DB12005AA0D00E3131A /* Debug */,
				21263DB22005AA0D00E3131A /* Release */,
			);
			defaultConfigurationIsVisible = 0;
			defaultConfigurationName = Release;
		};
/* End XCConfigurationList section */

/* Begin XCVersionGroup section */
		21263D892005AA0C00E3131A /* chat.xcdatamodeld */ = {
			isa = XCVersionGroup;
			children = (
				21263D8A2005AA0C00E3131A /* chat.xcdatamodel */,
			);
			currentVersion = 21263D8A2005AA0C00E3131A /* chat.xcdatamodel */;
			path = chat.xcdatamodeld;
			sourceTree = "<group>";
			versionGroupType = wrapper.xcdatamodel;
		};
/* End XCVersionGroup section */
	};
	rootObject = 21263D772005AA0C00E3131A /* Project object */;
}
